
Microsoft Visual Studio Solution File, Format Version 12.00
# Visual Studio Version 17
VisualStudioVersion = 17.5.33627.172
MinimumVisualStudioVersion = 10.0.40219.1
Project("{9A19103F-16F7-4668-BE54-9A1E7A4F7556}") = "EventPlatform.Api", "EventPlatform.Api\EventPlatform.Api.csproj", "{F8DDBE7E-99AC-4BAA-85B1-0EB53900E176}"
EndProject
Project("{9A19103F-16F7-4668-BE54-9A1E7A4F7556}") = "EventPlatform.DataAccess", "EventPlatform.DataAccess\EventPlatform.DataAccess.csproj", "{6A5361BD-4D6C-4B93-A9E2-AF4C00A5A42F}"
EndProject
Project("{9A19103F-16F7-4668-BE54-9A1E7A4F7556}") = "EventPlatform.Entities", "EventPlatform.Entities\EventPlatform.Entities.csproj", "{3E465EF5-D729-47BE-8176-1796655ED645}"
EndProject
Project("{2150E333-8FDC-42A3-9474-1A3956D46DE8}") = "Solution Items", "Solution Items", "{2E20C8B1-2CEA-4176-A048-DB190EA5F116}"
	ProjectSection(SolutionItems) = preProject
		ECP.sql = ECP.sql
	EndProjectSection
EndProject
Global
	GlobalSection(SolutionConfigurationPlatforms) = preSolution
		Debug|Any CPU = Debug|Any CPU
		Release|Any CPU = Release|Any CPU
	EndGlobalSection
	GlobalSection(ProjectConfigurationPlatforms) = postSolution
		{F8DDBE7E-99AC-4BAA-85B1-0EB53900E176}.Debug|Any CPU.ActiveCfg = Debug|Any CPU
		{F8DDBE7E-99AC-4BAA-85B1-0EB53900E176}.Debug|Any CPU.Build.0 = Debug|Any CPU
		{F8DDBE7E-99AC-4BAA-85B1-0EB53900E176}.Release|Any CPU.ActiveCfg = Release|Any CPU
		{F8DDBE7E-99AC-4BAA-85B1-0EB53900E176}.Release|Any CPU.Build.0 = Release|Any CPU
		{6A5361BD-4D6C-4B93-A9E2-AF4C00A5A42F}.Debug|Any CPU.ActiveCfg = Debug|Any CPU
		{6A5361BD-4D6C-4B93-A9E2-AF4C00A5A42F}.Debug|Any CPU.Build.0 = Debug|Any CPU
		{6A5361BD-4D6C-4B93-A9E2-AF4C00A5A42F}.Release|Any CPU.ActiveCfg = Release|Any CPU
		{6A5361BD-4D6C-4B93-A9E2-AF4C00A5A42F}.Release|Any CPU.Build.0 = Release|Any CPU
		{3E465EF5-D729-47BE-8176-1796655ED645}.Debug|Any CPU.ActiveCfg = Debug|Any CPU
		{3E465EF5-D729-47BE-8176-1796655ED645}.Debug|Any CPU.Build.0 = Debug|Any CPU
		{3E465EF5-D729-47BE-8176-1796655ED645}.Release|Any CPU.ActiveCfg = Release|Any CPU
		{3E465EF5-D729-47BE-8176-1796655ED645}.Release|Any CPU.Build.0 = Release|Any CPU
	EndGlobalSection
	GlobalSection(SolutionProperties) = preSolution
		HideSolutionNode = FALSE
	EndGlobalSection
	GlobalSection(ExtensibilityGlobals) = postSolution
		SolutionGuid = {8B410770-5BBE-443E-B6EF-2E851DCAD873}
	EndGlobalSection
EndGlobal
